
Microsoft Visual Studio Solution File, Format Version 12.00
# Visual Studio 15
VisualStudioVersion = 15.0.28307.136
MinimumVisualStudioVersion = 10.0.40219.1
Project("{FAE04EC0-301F-11D3-BF4B-00C04F79EFBC}") = "StringCalculator", "StringCalculator\StringCalculator.csproj", "{280B5EAE-E9FB-4E3D-BD3E-5710B9B6ACAA}"
EndProject
Project("{FAE04EC0-301F-11D3-BF4B-00C04F79EFBC}") = "StringCalculator.Tests", "StringCalculator.Tests\StringCalculator.Tests.csproj", "{487DFFD0-A9B6-45BC-B165-788407B52433}"
EndProject
Global
	GlobalSection(SolutionConfigurationPlatforms) = preSolution
		Debug|Any CPU = Debug|Any CPU
		Release|Any CPU = Release|Any CPU
	EndGlobalSection
	GlobalSection(ProjectConfigurationPlatforms) = postSolution
		{280B5EAE-E9FB-4E3D-BD3E-5710B9B6ACAA}.Debug|Any CPU.ActiveCfg = Debug|Any CPU
		{280B5EAE-E9FB-4E3D-BD3E-5710B9B6ACAA}.Debug|Any CPU.Build.0 = Debug|Any CPU
		{280B5EAE-E9FB-4E3D-BD3E-5710B9B6ACAA}.Release|Any CPU.ActiveCfg = Release|Any CPU
		{280B5EAE-E9FB-4E3D-BD3E-5710B9B6ACAA}.Release|Any CPU.Build.0 = Release|Any CPU
		{487DFFD0-A9B6-45BC-B165-788407B52433}.Debug|Any CPU.ActiveCfg = Debug|Any CPU
		{487DFFD0-A9B6-45BC-B165-788407B52433}.Debug|Any CPU.Build.0 = Debug|Any CPU
		{487DFFD0-A9B6-45BC-B165-788407B52433}.Release|Any CPU.ActiveCfg = Release|Any CPU
		{487DFFD0-A9B6-45BC-B165-788407B52433}.Release|Any CPU.Build.0 = Release|Any CPU
	EndGlobalSection
	GlobalSection(SolutionProperties) = preSolution
		HideSolutionNode = FALSE
	EndGlobalSection
	GlobalSection(ExtensibilityGlobals) = postSolution
		SolutionGuid = {403DC5EA-E89C-4598-9405-1BA06D1D8203}
	EndGlobalSection
EndGlobal
